// !$*UTF8*$!
{
	archiveVersion = 1;
	classes = {
	};
	objectVersion = 56;
	objects = {

/* Begin PBXBuildFile section */
		7B4371612B416CE30060368E /* DeliveryApp.swift in Sources */ = {isa = PBXBuildFile; fileRef = 7B4371602B416CE30060368E /* DeliveryApp.swift */; };
		7B4371632B416CE30060368E /* ContentView.swift in Sources */ = {isa = PBXBuildFile; fileRef = 7B4371622B416CE30060368E /* ContentView.swift */; };
		7B4371652B416CE40060368E /* Assets.xcassets in Resources */ = {isa = PBXBuildFile; fileRef = 7B4371642B416CE40060368E /* Assets.xcassets */; };
		7B4371682B416CE40060368E /* Preview Assets.xcassets in Resources */ = {isa = PBXBuildFile; fileRef = 7B4371672B416CE40060368E /* Preview Assets.xcassets */; };
		7B4371722B416CE50060368E /* DeliveryTests.swift in Sources */ = {isa = PBXBuildFile; fileRef = 7B4371712B416CE50060368E /* DeliveryTests.swift */; };
		7B43717C2B416CE50060368E /* DeliveryUITests.swift in Sources */ = {isa = PBXBuildFile; fileRef = 7B43717B2B416CE50060368E /* DeliveryUITests.swift */; };
		7B43717E2B416CE50060368E /* DeliveryUITestsLaunchTests.swift in Sources */ = {isa = PBXBuildFile; fileRef = 7B43717D2B416CE50060368E /* DeliveryUITestsLaunchTests.swift */; };
		7B43718D2B416FED0060368E /* splash.screen.swift in Sources */ = {isa = PBXBuildFile; fileRef = 7B43718C2B416FED0060368E /* splash.screen.swift */; };
		7B4371922B41DBE60060368E /* app.button.swift in Sources */ = {isa = PBXBuildFile; fileRef = 7B4371912B41DBE60060368E /* app.button.swift */; };
		7B4371972B429B540060368E /* dashboard.screen.swift in Sources */ = {isa = PBXBuildFile; fileRef = 7B4371962B429B540060368E /* dashboard.screen.swift */; };
		7B4371992B42A16F0060368E /* category.screen.swift in Sources */ = {isa = PBXBuildFile; fileRef = 7B4371982B42A16F0060368E /* category.screen.swift */; };
		7B43719C2B42A4CF0060368E /* search.component.swift in Sources */ = {isa = PBXBuildFile; fileRef = 7B43719B2B42A4CF0060368E /* search.component.swift */; };
		7B43719E2B42BED10060368E /* card.component.swift in Sources */ = {isa = PBXBuildFile; fileRef = 7B43719D2B42BED10060368E /* card.component.swift */; };
		7B4371A42B43C49D0060368E /* dashboard.model.swift in Sources */ = {isa = PBXBuildFile; fileRef = 7B4371A32B43C49D0060368E /* dashboard.model.swift */; };
		7B4371A62B43CF620060368E /* category.list.screen.swift in Sources */ = {isa = PBXBuildFile; fileRef = 7B4371A52B43CF620060368E /* category.list.screen.swift */; };
		7B4371A82B43D83A0060368E /* chip.component.swift in Sources */ = {isa = PBXBuildFile; fileRef = 7B4371A72B43D83A0060368E /* chip.component.swift */; };
		7B4371AA2B4432770060368E /* icon.button.swift in Sources */ = {isa = PBXBuildFile; fileRef = 7B4371A92B4432770060368E /* icon.button.swift */; };
/* End PBXBuildFile section */

/* Begin PBXContainerItemProxy section */
		7B43716E2B416CE50060368E /* PBXContainerItemProxy */ = {
			isa = PBXContainerItemProxy;
			containerPortal = 7B4371552B416CE30060368E /* Project object */;
			proxyType = 1;
			remoteGlobalIDString = 7B43715C2B416CE30060368E;
			remoteInfo = Delivery;
		};
		7B4371782B416CE50060368E /* PBXContainerItemProxy */ = {
			isa = PBXContainerItemProxy;
			containerPortal = 7B4371552B416CE30060368E /* Project object */;
			proxyType = 1;
			remoteGlobalIDString = 7B43715C2B416CE30060368E;
			remoteInfo = Delivery;
		};
/* End PBXContainerItemProxy section */

/* Begin PBXFileReference section */
		7B43715D2B416CE30060368E /* Delivery.app */ = {isa = PBXFileReference; explicitFileType = wrapper.application; includeInIndex = 0; path = Delivery.app; sourceTree = BUILT_PRODUCTS_DIR; };
		7B4371602B416CE30060368E /* DeliveryApp.swift */ = {isa = PBXFileReference; lastKnownFileType = sourcecode.swift; path = DeliveryApp.swift; sourceTree = "<group>"; };
		7B4371622B416CE30060368E /* ContentView.swift */ = {isa = PBXFileReference; lastKnownFileType = sourcecode.swift; path = ContentView.swift; sourceTree = "<group>"; };
		7B4371642B416CE40060368E /* Assets.xcassets */ = {isa = PBXFileReference; lastKnownFileType = folder.assetcatalog; path = Assets.xcassets; sourceTree = "<group>"; };
		7B4371672B416CE40060368E /* Preview Assets.xcassets */ = {isa = PBXFileReference; lastKnownFileType = folder.assetcatalog; path = "Preview Assets.xcassets"; sourceTree = "<group>"; };
		7B43716D2B416CE50060368E /* DeliveryTests.xctest */ = {isa = PBXFileReference; explicitFileType = wrapper.cfbundle; includeInIndex = 0; path = DeliveryTests.xctest; sourceTree = BUILT_PRODUCTS_DIR; };
		7B4371712B416CE50060368E /* DeliveryTests.swift */ = {isa = PBXFileReference; lastKnownFileType = sourcecode.swift; path = DeliveryTests.swift; sourceTree = "<group>"; };
		7B4371772B416CE50060368E /* DeliveryUITests.xctest */ = {isa = PBXFileReference; explicitFileType = wrapper.cfbundle; includeInIndex = 0; path = DeliveryUITests.xctest; sourceTree = BUILT_PRODUCTS_DIR; };
		7B43717B2B416CE50060368E /* DeliveryUITests.swift */ = {isa = PBXFileReference; lastKnownFileType = sourcecode.swift; path = DeliveryUITests.swift; sourceTree = "<group>"; };
		7B43717D2B416CE50060368E /* DeliveryUITestsLaunchTests.swift */ = {isa = PBXFileReference; lastKnownFileType = sourcecode.swift; path = DeliveryUITestsLaunchTests.swift; sourceTree = "<group>"; };
		7B43718C2B416FED0060368E /* splash.screen.swift */ = {isa = PBXFileReference; lastKnownFileType = sourcecode.swift; path = splash.screen.swift; sourceTree = "<group>"; };
		7B4371912B41DBE60060368E /* app.button.swift */ = {isa = PBXFileReference; lastKnownFileType = sourcecode.swift; path = app.button.swift; sourceTree = "<group>"; };
		7B4371962B429B540060368E /* dashboard.screen.swift */ = {isa = PBXFileReference; lastKnownFileType = sourcecode.swift; path = dashboard.screen.swift; sourceTree = "<group>"; };
		7B4371982B42A16F0060368E /* category.screen.swift */ = {isa = PBXFileReference; lastKnownFileType = sourcecode.swift; path = category.screen.swift; sourceTree = "<group>"; };
		7B43719B2B42A4CF0060368E /* search.component.swift */ = {isa = PBXFileReference; lastKnownFileType = sourcecode.swift; path = search.component.swift; sourceTree = "<group>"; };
		7B43719D2B42BED10060368E /* card.component.swift */ = {isa = PBXFileReference; lastKnownFileType = sourcecode.swift; path = card.component.swift; sourceTree = "<group>"; };
		7B4371A32B43C49D0060368E /* dashboard.model.swift */ = {isa = PBXFileReference; lastKnownFileType = sourcecode.swift; path = dashboard.model.swift; sourceTree = "<group>"; };
		7B4371A52B43CF620060368E /* category.list.screen.swift */ = {isa = PBXFileReference; lastKnownFileType = sourcecode.swift; path = category.list.screen.swift; sourceTree = "<group>"; };
		7B4371A72B43D83A0060368E /* chip.component.swift */ = {isa = PBXFileReference; lastKnownFileType = sourcecode.swift; path = chip.component.swift; sourceTree = "<group>"; };
		7B4371A92B4432770060368E /* icon.button.swift */ = {isa = PBXFileReference; lastKnownFileType = sourcecode.swift; path = icon.button.swift; sourceTree = "<group>"; };
/* End PBXFileReference section */

/* Begin PBXFrameworksBuildPhase section */
		7B43715A2B416CE30060368E /* Frameworks */ = {
			isa = PBXFrameworksBuildPhase;
			buildActionMask = 2147483647;
			files = (
			);
			runOnlyForDeploymentPostprocessing = 0;
		};
		7B43716A2B416CE50060368E /* Frameworks */ = {
			isa = PBXFrameworksBuildPhase;
			buildActionMask = 2147483647;
			files = (
			);
			runOnlyForDeploymentPostprocessing = 0;
		};
		7B4371742B416CE50060368E /* Frameworks */ = {
			isa = PBXFrameworksBuildPhase;
			buildActionMask = 2147483647;
			files = (
			);
			runOnlyForDeploymentPostprocessing = 0;
		};
/* End PBXFrameworksBuildPhase section */

/* Begin PBXGroup section */
		7B4371542B416CE30060368E = {
			isa = PBXGroup;
			children = (
				7B43715F2B416CE30060368E /* Delivery */,
				7B4371702B416CE50060368E /* DeliveryTests */,
				7B43717A2B416CE50060368E /* DeliveryUITests */,
				7B43715E2B416CE30060368E /* Products */,
			);
			sourceTree = "<group>";
		};
		7B43715E2B416CE30060368E /* Products */ = {
			isa = PBXGroup;
			children = (
				7B43715D2B416CE30060368E /* Delivery.app */,
				7B43716D2B416CE50060368E /* DeliveryTests.xctest */,
				7B4371772B416CE50060368E /* DeliveryUITests.xctest */,
			);
			name = Products;
			sourceTree = "<group>";
		};
		7B43715F2B416CE30060368E /* Delivery */ = {
			isa = PBXGroup;
			children = (
				7B43719F2B43C3B50060368E /* Models */,
				7B4371902B41AC070060368E /* Constants */,
				7B43718B2B416F6B0060368E /* Shared */,
				7B43718A2B416F610060368E /* Screens */,
				7B4371602B416CE30060368E /* DeliveryApp.swift */,
				7B4371622B416CE30060368E /* ContentView.swift */,
				7B4371642B416CE40060368E /* Assets.xcassets */,
				7B4371662B416CE40060368E /* Preview Content */,
			);
			path = Delivery;
			sourceTree = "<group>";
		};
		7B4371662B416CE40060368E /* Preview Content */ = {
			isa = PBXGroup;
			children = (
				7B4371672B416CE40060368E /* Preview Assets.xcassets */,
			);
			path = "Preview Content";
			sourceTree = "<group>";
		};
		7B4371702B416CE50060368E /* DeliveryTests */ = {
			isa = PBXGroup;
			children = (
				7B4371712B416CE50060368E /* DeliveryTests.swift */,
			);
			path = DeliveryTests;
			sourceTree = "<group>";
		};
		7B43717A2B416CE50060368E /* DeliveryUITests */ = {
			isa = PBXGroup;
			children = (
				7B43717B2B416CE50060368E /* DeliveryUITests.swift */,
				7B43717D2B416CE50060368E /* DeliveryUITestsLaunchTests.swift */,
			);
			path = DeliveryUITests;
			sourceTree = "<group>";
		};
		7B43718A2B416F610060368E /* Screens */ = {
			isa = PBXGroup;
			children = (
				7B43719A2B42A4BC0060368E /* components */,
				7B43718C2B416FED0060368E /* splash.screen.swift */,
				7B4371962B429B540060368E /* dashboard.screen.swift */,
				7B4371982B42A16F0060368E /* category.screen.swift */,
				7B4371A52B43CF620060368E /* category.list.screen.swift */,
			);
			path = Screens;
			sourceTree = "<group>";
		};
		7B43718B2B416F6B0060368E /* Shared */ = {
			isa = PBXGroup;
			children = (
				7B4371912B41DBE60060368E /* app.button.swift */,
				7B4371A92B4432770060368E /* icon.button.swift */,
			);
			path = Shared;
			sourceTree = "<group>";
		};
		7B4371902B41AC070060368E /* Constants */ = {
			isa = PBXGroup;
			children = (
			);
			path = Constants;
			sourceTree = "<group>";
		};
		7B43719A2B42A4BC0060368E /* components */ = {
			isa = PBXGroup;
			children = (
				7B43719B2B42A4CF0060368E /* search.component.swift */,
				7B43719D2B42BED10060368E /* card.component.swift */,
				7B4371A72B43D83A0060368E /* chip.component.swift */,
			);
			path = components;
			sourceTree = "<group>";
		};
		7B43719F2B43C3B50060368E /* Models */ = {
			isa = PBXGroup;
			children = (
				7B4371A32B43C49D0060368E /* dashboard.model.swift */,
			);
			path = Models;
			sourceTree = "<group>";
		};
/* End PBXGroup section */

/* Begin PBXNativeTarget section */
		7B43715C2B416CE30060368E /* Delivery */ = {
			isa = PBXNativeTarget;
			buildConfigurationList = 7B4371812B416CE50060368E /* Build configuration list for PBXNativeTarget "Delivery" */;
			buildPhases = (
				7B4371592B416CE30060368E /* Sources */,
				7B43715A2B416CE30060368E /* Frameworks */,
				7B43715B2B416CE30060368E /* Resources */,
			);
			buildRules = (
			);
			dependencies = (
			);
			name = Delivery;
			productName = Delivery;
			productReference = 7B43715D2B416CE30060368E /* Delivery.app */;
			productType = "com.apple.product-type.application";
		};
		7B43716C2B416CE50060368E /* DeliveryTests */ = {
			isa = PBXNativeTarget;
			buildConfigurationList = 7B4371842B416CE50060368E /* Build configuration list for PBXNativeTarget "DeliveryTests" */;
			buildPhases = (
				7B4371692B416CE50060368E /* Sources */,
				7B43716A2B416CE50060368E /* Frameworks */,
				7B43716B2B416CE50060368E /* Resources */,
			);
			buildRules = (
			);
			dependencies = (
				7B43716F2B416CE50060368E /* PBXTargetDependency */,
			);
			name = DeliveryTests;
			productName = DeliveryTests;
			productReference = 7B43716D2B416CE50060368E /* DeliveryTests.xctest */;
			productType = "com.apple.product-type.bundle.unit-test";
		};
		7B4371762B416CE50060368E /* DeliveryUITests */ = {
			isa = PBXNativeTarget;
			buildConfigurationList = 7B4371872B416CE50060368E /* Build configuration list for PBXNativeTarget "DeliveryUITests" */;
			buildPhases = (
				7B4371732B416CE50060368E /* Sources */,
				7B4371742B416CE50060368E /* Frameworks */,
				7B4371752B416CE50060368E /* Resources */,
			);
			buildRules = (
			);
			dependencies = (
				7B4371792B416CE50060368E /* PBXTargetDependency */,
			);
			name = DeliveryUITests;
			productName = DeliveryUITests;
			productReference = 7B4371772B416CE50060368E /* DeliveryUITests.xctest */;
			productType = "com.apple.product-type.bundle.ui-testing";
		};
/* End PBXNativeTarget section */

/* Begin PBXProject section */
		7B4371552B416CE30060368E /* Project object */ = {
			isa = PBXProject;
			attributes = {
				BuildIndependentTargetsInParallel = 1;
				LastSwiftUpdateCheck = 1510;
				LastUpgradeCheck = 1510;
				TargetAttributes = {
					7B43715C2B416CE30060368E = {
						CreatedOnToolsVersion = 15.1;
					};
					7B43716C2B416CE50060368E = {
						CreatedOnToolsVersion = 15.1;
						TestTargetID = 7B43715C2B416CE30060368E;
					};
					7B4371762B416CE50060368E = {
						CreatedOnToolsVersion = 15.1;
						TestTargetID = 7B43715C2B416CE30060368E;
					};
				};
			};
			buildConfigurationList = 7B4371582B416CE30060368E /* Build configuration list for PBXProject "Delivery" */;
			compatibilityVersion = "Xcode 14.0";
			developmentRegion = en;
			hasScannedForEncodings = 0;
			knownRegions = (
				en,
				Base,
			);
			mainGroup = 7B4371542B416CE30060368E;
			productRefGroup = 7B43715E2B416CE30060368E /* Products */;
			projectDirPath = "";
			projectRoot = "";
			targets = (
				7B43715C2B416CE30060368E /* Delivery */,
				7B43716C2B416CE50060368E /* DeliveryTests */,
				7B4371762B416CE50060368E /* DeliveryUITests */,
			);
		};
/* End PBXProject section */

/* Begin PBXResourcesBuildPhase section */
		7B43715B2B416CE30060368E /* Resources */ = {
			isa = PBXResourcesBuildPhase;
			buildActionMask = 2147483647;
			files = (
				7B4371682B416CE40060368E /* Preview Assets.xcassets in Resources */,
				7B4371652B416CE40060368E /* Assets.xcassets in Resources */,
			);
			runOnlyForDeploymentPostprocessing = 0;
		};
		7B43716B2B416CE50060368E /* Resources */ = {
			isa = PBXResourcesBuildPhase;
			buildActionMask = 2147483647;
			files = (
			);
			runOnlyForDeploymentPostprocessing = 0;
		};
		7B4371752B416CE50060368E /* Resources */ = {
			isa = PBXResourcesBuildPhase;
			buildActionMask = 2147483647;
			files = (
			);
			runOnlyForDeploymentPostprocessing = 0;
		};
/* End PBXResourcesBuildPhase section */

/* Begin PBXSourcesBuildPhase section */
		7B4371592B416CE30060368E /* Sources */ = {
			isa = PBXSourcesBuildPhase;
			buildActionMask = 2147483647;
			files = (
				7B4371632B416CE30060368E /* ContentView.swift in Sources */,
				7B43718D2B416FED0060368E /* splash.screen.swift in Sources */,
				7B43719E2B42BED10060368E /* card.component.swift in Sources */,
				7B4371AA2B4432770060368E /* icon.button.swift in Sources */,
				7B4371A42B43C49D0060368E /* dashboard.model.swift in Sources */,
				7B4371972B429B540060368E /* dashboard.screen.swift in Sources */,
				7B4371922B41DBE60060368E /* app.button.swift in Sources */,
				7B4371A82B43D83A0060368E /* chip.component.swift in Sources */,
				7B4371992B42A16F0060368E /* category.screen.swift in Sources */,
				7B43719C2B42A4CF0060368E /* search.component.swift in Sources */,
				7B4371612B416CE30060368E /* DeliveryApp.swift in Sources */,
				7B4371A62B43CF620060368E /* category.list.screen.swift in Sources */,
			);
			runOnlyForDeploymentPostprocessing = 0;
		};
		7B4371692B416CE50060368E /* Sources */ = {
			isa = PBXSourcesBuildPhase;
			buildActionMask = 2147483647;
			files = (
				7B4371722B416CE50060368E /* DeliveryTests.swift in Sources */,
			);
			runOnlyForDeploymentPostprocessing = 0;
		};
		7B4371732B416CE50060368E /* Sources */ = {
			isa = PBXSourcesBuildPhase;
			buildActionMask = 2147483647;
			files = (
				7B43717E2B416CE50060368E /* DeliveryUITestsLaunchTests.swift in Sources */,
				7B43717C2B416CE50060368E /* DeliveryUITests.swift in Sources */,
			);
			runOnlyForDeploymentPostprocessing = 0;
		};
/* End PBXSourcesBuildPhase section */

/* Begin PBXTargetDependency section */
		7B43716F2B416CE50060368E /* PBXTargetDependency */ = {
			isa = PBXTargetDependency;
			target = 7B43715C2B416CE30060368E /* Delivery */;
			targetProxy = 7B43716E2B416CE50060368E /* PBXContainerItemProxy */;
		};
		7B4371792B416CE50060368E /* PBXTargetDependency */ = {
			isa = PBXTargetDependency;
			target = 7B43715C2B416CE30060368E /* Delivery */;
			targetProxy = 7B4371782B416CE50060368E /* PBXContainerItemProxy */;
		};
/* End PBXTargetDependency section */

/* Begin XCBuildConfiguration section */
		7B43717F2B416CE50060368E /* Debug */ = {
			isa = XCBuildConfiguration;
			buildSettings = {
				ALWAYS_SEARCH_USER_PATHS = NO;
				ASSETCATALOG_COMPILER_GENERATE_SWIFT_ASSET_SYMBOL_EXTENSIONS = YES;
				CLANG_ANALYZER_NONNULL = YES;
				CLANG_ANALYZER_NUMBER_OBJECT_CONVERSION = YES_AGGRESSIVE;
				CLANG_CXX_LANGUAGE_STANDARD = "gnu++20";
				CLANG_ENABLE_MODULES = YES;
				CLANG_ENABLE_OBJC_ARC = YES;
				CLANG_ENABLE_OBJC_WEAK = YES;
				CLANG_WARN_BLOCK_CAPTURE_AUTORELEASING = YES;
				CLANG_WARN_BOOL_CONVERSION = YES;
				CLANG_WARN_COMMA = YES;
				CLANG_WARN_CONSTANT_CONVERSION = YES;
				CLANG_WARN_DEPRECATED_OBJC_IMPLEMENTATIONS = YES;
				CLANG_WARN_DIRECT_OBJC_ISA_USAGE = YES_ERROR;
				CLANG_WARN_DOCUMENTATION_COMMENTS = YES;
				CLANG_WARN_EMPTY_BODY = YES;
				CLANG_WARN_ENUM_CONVERSION = YES;
				CLANG_WARN_INFINITE_RECURSION = YES;
				CLANG_WARN_INT_CONVERSION = YES;
				CLANG_WARN_NON_LITERAL_NULL_CONVERSION = YES;
				CLANG_WARN_OBJC_IMPLICIT_RETAIN_SELF = YES;
				CLANG_WARN_OBJC_LITERAL_CONVERSION = YES;
				CLANG_WARN_OBJC_ROOT_CLASS = YES_ERROR;
				CLANG_WARN_QUOTED_INCLUDE_IN_FRAMEWORK_HEADER = YES;
				CLANG_WARN_RANGE_LOOP_ANALYSIS = YES;
				CLANG_WARN_STRICT_PROTOTYPES = YES;
				CLANG_WARN_SUSPICIOUS_MOVE = YES;
				CLANG_WARN_UNGUARDED_AVAILABILITY = YES_AGGRESSIVE;
				CLANG_WARN_UNREACHABLE_CODE = YES;
				CLANG_WARN__DUPLICATE_METHOD_MATCH = YES;
				COPY_PHASE_STRIP = NO;
				DEBUG_INFORMATION_FORMAT = dwarf;
				ENABLE_STRICT_OBJC_MSGSEND = YES;
				ENABLE_TESTABILITY = YES;
				ENABLE_USER_SCRIPT_SANDBOXING = YES;
				GCC_C_LANGUAGE_STANDARD = gnu17;
				GCC_DYNAMIC_NO_PIC = NO;
				GCC_NO_COMMON_BLOCKS = YES;
				GCC_OPTIMIZATION_LEVEL = 0;
				GCC_PREPROCESSOR_DEFINITIONS = (
					"DEBUG=1",
					"$(inherited)",
				);
				GCC_WARN_64_TO_32_BIT_CONVERSION = YES;
				GCC_WARN_ABOUT_RETURN_TYPE = YES_ERROR;
				GCC_WARN_UNDECLARED_SELECTOR = YES;
				GCC_WARN_UNINITIALIZED_AUTOS = YES_AGGRESSIVE;
				GCC_WARN_UNUSED_FUNCTION = YES;
				GCC_WARN_UNUSED_VARIABLE = YES;
				IPHONEOS_DEPLOYMENT_TARGET = 17.2;
				LOCALIZATION_PREFERS_STRING_CATALOGS = YES;
				MTL_ENABLE_DEBUG_INFO = INCLUDE_SOURCE;
				MTL_FAST_MATH = YES;
				ONLY_ACTIVE_ARCH = YES;
				SDKROOT = iphoneos;
				SWIFT_ACTIVE_COMPILATION_CONDITIONS = "DEBUG $(inherited)";
				SWIFT_OPTIMIZATION_LEVEL = "-Onone";
			};
			name = Debug;
		};
		7B4371802B416CE50060368E /* Release */ = {
			isa = XCBuildConfiguration;
			buildSettings = {
				ALWAYS_SEARCH_USER_PATHS = NO;
				ASSETCATALOG_COMPILER_GENERATE_SWIFT_ASSET_SYMBOL_EXTENSIONS = YES;
				CLANG_ANALYZER_NONNULL = YES;
				CLANG_ANALYZER_NUMBER_OBJECT_CONVERSION = YES_AGGRESSIVE;
				CLANG_CXX_LANGUAGE_STANDARD = "gnu++20";
				CLANG_ENABLE_MODULES = YES;
				CLANG_ENABLE_OBJC_ARC = YES;
				CLANG_ENABLE_OBJC_WEAK = YES;
				CLANG_WARN_BLOCK_CAPTURE_AUTORELEASING = YES;
				CLANG_WARN_BOOL_CONVERSION = YES;
				CLANG_WARN_COMMA = YES;
				CLANG_WARN_CONSTANT_CONVERSION = YES;
				CLANG_WARN_DEPRECATED_OBJC_IMPLEMENTATIONS = YES;
				CLANG_WARN_DIRECT_OBJC_ISA_USAGE = YES_ERROR;
				CLANG_WARN_DOCUMENTATION_COMMENTS = YES;
				CLANG_WARN_EMPTY_BODY = YES;
				CLANG_WARN_ENUM_CONVERSION = YES;
				CLANG_WARN_INFINITE_RECURSION = YES;
				CLANG_WARN_INT_CONVERSION = YES;
				CLANG_WARN_NON_LITERAL_NULL_CONVERSION = YES;
				CLANG_WARN_OBJC_IMPLICIT_RETAIN_SELF = YES;
				CLANG_WARN_OBJC_LITERAL_CONVERSION = YES;
				CLANG_WARN_OBJC_ROOT_CLASS = YES_ERROR;
				CLANG_WARN_QUOTED_INCLUDE_IN_FRAMEWORK_HEADER = YES;
				CLANG_WARN_RANGE_LOOP_ANALYSIS = YES;
				CLANG_WARN_STRICT_PROTOTYPES = YES;
				CLANG_WARN_SUSPICIOUS_MOVE = YES;
				CLANG_WARN_UNGUARDED_AVAILABILITY = YES_AGGRESSIVE;
				CLANG_WARN_UNREACHABLE_CODE = YES;
				CLANG_WARN__DUPLICATE_METHOD_MATCH = YES;
				COPY_PHASE_STRIP = NO;
				DEBUG_INFORMATION_FORMAT = "dwarf-with-dsym";
				ENABLE_NS_ASSERTIONS = NO;
				ENABLE_STRICT_OBJC_MSGSEND = YES;
				ENABLE_USER_SCRIPT_SANDBOXING = YES;
				GCC_C_LANGUAGE_STANDARD = gnu17;
				GCC_NO_COMMON_BLOCKS = YES;
				GCC_WARN_64_TO_32_BIT_CONVERSION = YES;
				GCC_WARN_ABOUT_RETURN_TYPE = YES_ERROR;
				GCC_WARN_UNDECLARED_SELECTOR = YES;
				GCC_WARN_UNINITIALIZED_AUTOS = YES_AGGRESSIVE;
				GCC_WARN_UNUSED_FUNCTION = YES;
				GCC_WARN_UNUSED_VARIABLE = YES;
				IPHONEOS_DEPLOYMENT_TARGET = 17.2;
				LOCALIZATION_PREFERS_STRING_CATALOGS = YES;
				MTL_ENABLE_DEBUG_INFO = NO;
				MTL_FAST_MATH = YES;
				SDKROOT = iphoneos;
				SWIFT_COMPILATION_MODE = wholemodule;
				VALIDATE_PRODUCT = YES;
			};
			name = Release;
		};
		7B4371822B416CE50060368E /* Debug */ = {
			isa = XCBuildConfiguration;
			buildSettings = {
				ASSETCATALOG_COMPILER_APPICON_NAME = AppIcon;
				ASSETCATALOG_COMPILER_GLOBAL_ACCENT_COLOR_NAME = AccentColor;
				CODE_SIGN_STYLE = Automatic;
				CURRENT_PROJECT_VERSION = 1;
				DEVELOPMENT_ASSET_PATHS = "\"Delivery/Preview Content\"";
				ENABLE_PREVIEWS = YES;
				GENERATE_INFOPLIST_FILE = YES;
				INFOPLIST_KEY_UIApplicationSceneManifest_Generation = YES;
				INFOPLIST_KEY_UIApplicationSupportsIndirectInputEvents = YES;
				INFOPLIST_KEY_UILaunchScreen_Generation = YES;
				INFOPLIST_KEY_UISupportedInterfaceOrientations_iPad = "UIInterfaceOrientationPortrait UIInterfaceOrientationPortraitUpsideDown UIInterfaceOrientationLandscapeLeft UIInterfaceOrientationLandscapeRight";
				INFOPLIST_KEY_UISupportedInterfaceOrientations_iPhone = "UIInterfaceOrientationPortrait UIInterfaceOrientationLandscapeLeft UIInterfaceOrientationLandscapeRight";
				LD_RUNPATH_SEARCH_PATHS = (
					"$(inherited)",
					"@executable_path/Frameworks",
				);
				MARKETING_VERSION = 1.0;
				PRODUCT_BUNDLE_IDENTIFIER = com.teamns.project.Delivery;
				PRODUCT_NAME = "$(TARGET_NAME)";
				SWIFT_EMIT_LOC_STRINGS = YES;
				SWIFT_VERSION = 5.0;
				TARGETED_DEVICE_FAMILY = "1,2";
			};
			name = Debug;
		};
		7B4371832B416CE50060368E /* Release */ = {
			isa = XCBuildConfiguration;
			buildSettings = {
				ASSETCATALOG_COMPILER_APPICON_NAME = AppIcon;
				ASSETCATALOG_COMPILER_GLOBAL_ACCENT_COLOR_NAME = AccentColor;
				CODE_SIGN_STYLE = Automatic;
				CURRENT_PROJECT_VERSION = 1;
				DEVELOPMENT_ASSET_PATHS = "\"Delivery/Preview Content\"";
				ENABLE_PREVIEWS = YES;
				GENERATE_INFOPLIST_FILE = YES;
				INFOPLIST_KEY_UIApplicationSceneManifest_Generation = YES;
				INFOPLIST_KEY_UIApplicationSupportsIndirectInputEvents = YES;
				INFOPLIST_KEY_UILaunchScreen_Generation = YES;
				INFOPLIST_KEY_UISupportedInterfaceOrientations_iPad = "UIInterfaceOrientationPortrait UIInterfaceOrientationPortraitUpsideDown UIInterfaceOrientationLandscapeLeft UIInterfaceOrientationLandscapeRight";
				INFOPLIST_KEY_UISupportedInterfaceOrientations_iPhone = "UIInterfaceOrientationPortrait UIInterfaceOrientationLandscapeLeft UIInterfaceOrientationLandscapeRight";
				LD_RUNPATH_SEARCH_PATHS = (
					"$(inherited)",
					"@executable_path/Frameworks",
				);
				MARKETING_VERSION = 1.0;
				PRODUCT_BUNDLE_IDENTIFIER = com.teamns.project.Delivery;
				PRODUCT_NAME = "$(TARGET_NAME)";
				SWIFT_EMIT_LOC_STRINGS = YES;
				SWIFT_VERSION = 5.0;
				TARGETED_DEVICE_FAMILY = "1,2";
			};
			name = Release;
		};
		7B4371852B416CE50060368E /* Debug */ = {
			isa = XCBuildConfiguration;
			buildSettings = {
				ALWAYS_EMBED_SWIFT_STANDARD_LIBRARIES = YES;
				BUNDLE_LOADER = "$(TEST_HOST)";
				CODE_SIGN_STYLE = Automatic;
				CURRENT_PROJECT_VERSION = 1;
				GENERATE_INFOPLIST_FILE = YES;
				IPHONEOS_DEPLOYMENT_TARGET = 17.2;
				MARKETING_VERSION = 1.0;
				PRODUCT_BUNDLE_IDENTIFIER = com.teamns.project.DeliveryTests;
				PRODUCT_NAME = "$(TARGET_NAME)";
				SWIFT_EMIT_LOC_STRINGS = NO;
				SWIFT_VERSION = 5.0;
				TARGETED_DEVICE_FAMILY = "1,2";
				TEST_HOST = "$(BUILT_PRODUCTS_DIR)/Delivery.app/$(BUNDLE_EXECUTABLE_FOLDER_PATH)/Delivery";
			};
			name = Debug;
		};
		7B4371862B416CE50060368E /* Release */ = {
			isa = XCBuildConfiguration;
			buildSettings = {
				ALWAYS_EMBED_SWIFT_STANDARD_LIBRARIES = YES;
				BUNDLE_LOADER = "$(TEST_HOST)";
				CODE_SIGN_STYLE = Automatic;
				CURRENT_PROJECT_VERSION = 1;
				GENERATE_INFOPLIST_FILE = YES;
				IPHONEOS_DEPLOYMENT_TARGET = 17.2;
				MARKETING_VERSION = 1.0;
				PRODUCT_BUNDLE_IDENTIFIER = com.teamns.project.DeliveryTests;
				PRODUCT_NAME = "$(TARGET_NAME)";
				SWIFT_EMIT_LOC_STRINGS = NO;
				SWIFT_VERSION = 5.0;
				TARGETED_DEVICE_FAMILY = "1,2";
				TEST_HOST = "$(BUILT_PRODUCTS_DIR)/Delivery.app/$(BUNDLE_EXECUTABLE_FOLDER_PATH)/Delivery";
			};
			name = Release;
		};
		7B4371882B416CE50060368E /* Debug */ = {
			isa = XCBuildConfiguration;
			buildSettings = {
				ALWAYS_EMBED_SWIFT_STANDARD_LIBRARIES = YES;
				CODE_SIGN_STYLE = Automatic;
				CURRENT_PROJECT_VERSION = 1;
				GENERATE_INFOPLIST_FILE = YES;
				MARKETING_VERSION = 1.0;
				PRODUCT_BUNDLE_IDENTIFIER = com.teamns.project.DeliveryUITests;
				PRODUCT_NAME = "$(TARGET_NAME)";
				SWIFT_EMIT_LOC_STRINGS = NO;
				SWIFT_VERSION = 5.0;
				TARGETED_DEVICE_FAMILY = "1,2";
				TEST_TARGET_NAME = Delivery;
			};
			name = Debug;
		};
		7B4371892B416CE50060368E /* Release */ = {
			isa = XCBuildConfiguration;
			buildSettings = {
				ALWAYS_EMBED_SWIFT_STANDARD_LIBRARIES = YES;
				CODE_SIGN_STYLE = Automatic;
				CURRENT_PROJECT_VERSION = 1;
				GENERATE_INFOPLIST_FILE = YES;
				MARKETING_VERSION = 1.0;
				PRODUCT_BUNDLE_IDENTIFIER = com.teamns.project.DeliveryUITests;
				PRODUCT_NAME = "$(TARGET_NAME)";
				SWIFT_EMIT_LOC_STRINGS = NO;
				SWIFT_VERSION = 5.0;
				TARGETED_DEVICE_FAMILY = "1,2";
				TEST_TARGET_NAME = Delivery;
			};
			name = Release;
		};
/* End XCBuildConfiguration section */

/* Begin XCConfigurationList section */
		7B4371582B416CE30060368E /* Build configuration list for PBXProject "Delivery" */ = {
			isa = XCConfigurationList;
			buildConfigurations = (
				7B43717F2B416CE50060368E /* Debug */,
				7B4371802B416CE50060368E /* Release */,
			);
			defaultConfigurationIsVisible = 0;
			defaultConfigurationName = Release;
		};
		7B4371812B416CE50060368E /* Build configuration list for PBXNativeTarget "Delivery" */ = {
			isa = XCConfigurationList;
			buildConfigurations = (
				7B4371822B416CE50060368E /* Debug */,
				7B4371832B416CE50060368E /* Release */,
			);
			defaultConfigurationIsVisible = 0;
			defaultConfigurationName = Release;
		};
		7B4371842B416CE50060368E /* Build configuration list for PBXNativeTarget "DeliveryTests" */ = {
			isa = XCConfigurationList;
			buildConfigurations = (
				7B4371852B416CE50060368E /* Debug */,
				7B4371862B416CE50060368E /* Release */,
			);
			defaultConfigurationIsVisible = 0;
			defaultConfigurationName = Release;
		};
		7B4371872B416CE50060368E /* Build configuration list for PBXNativeTarget "DeliveryUITests" */ = {
			isa = XCConfigurationList;
			buildConfigurations = (
				7B4371882B416CE50060368E /* Debug */,
				7B4371892B416CE50060368E /* Release */,
			);
			defaultConfigurationIsVisible = 0;
			defaultConfigurationName = Release;
		};
/* End XCConfigurationList section */
	};
	rootObject = 7B4371552B416CE30060368E /* Project object */;
}
